
Microsoft Visual Studio Solution File, Format Version 12.00
# Visual Studio Version 16
VisualStudioVersion = 16.0.30804.86
MinimumVisualStudioVersion = 10.0.40219.1
Project("{9A19103F-16F7-4668-BE54-9A1E7A4F7556}") = "ConsoleApp", "ConsoleApp\ConsoleApp.csproj", "{92B1337D-3C2B-41D8-8CDD-62784DD2666E}"
EndProject
Project("{9A19103F-16F7-4668-BE54-9A1E7A4F7556}") = "KiteFlightsDAL", "KiteFlightsDAL\KiteFlightsDAL.csproj", "{3B72A24F-8333-4966-9FF4-ED9DA4F31CEC}"
EndProject
Project("{2150E333-8FDC-42A3-9474-1A3956D46DE8}") = "Resources", "Resources", "{F78D9398-D0A5-4701-B2E0-73661DEEA89E}"
	ProjectSection(SolutionItems) = preProject
		Log4Net.config = Log4Net.config
	EndProjectSection
EndProject
Project("{9A19103F-16F7-4668-BE54-9A1E7A4F7556}") = "KiteFlightsBLL", "KiteFlightsBLL\KiteFlightsBLL.csproj", "{8EF3666B-32A0-4FF7-B2DB-E3B954153FF4}"
EndProject
Project("{9A19103F-16F7-4668-BE54-9A1E7A4F7556}") = "KiteFlightsCommon", "KiteFlightsCommon\KiteFlightsCommon.csproj", "{7DA2E8CC-23DF-44A4-A24C-1D71C12B2D3F}"
EndProject
Project("{FAE04EC0-301F-11D3-BF4B-00C04F79EFBC}") = "KiteFlightsBLL.Tests", "KiteFlightsBLL.Tests\KiteFlightsBLL.Tests.csproj", "{20187042-D71E-435F-8F3F-80AC1F543739}"
EndProject
Global
	GlobalSection(SolutionConfigurationPlatforms) = preSolution
		Debug|Any CPU = Debug|Any CPU
		Release|Any CPU = Release|Any CPU
	EndGlobalSection
	GlobalSection(ProjectConfigurationPlatforms) = postSolution
		{92B1337D-3C2B-41D8-8CDD-62784DD2666E}.Debug|Any CPU.ActiveCfg = Debug|Any CPU
		{92B1337D-3C2B-41D8-8CDD-62784DD2666E}.Debug|Any CPU.Build.0 = Debug|Any CPU
		{92B1337D-3C2B-41D8-8CDD-62784DD2666E}.Release|Any CPU.ActiveCfg = Release|Any CPU
		{92B1337D-3C2B-41D8-8CDD-62784DD2666E}.Release|Any CPU.Build.0 = Release|Any CPU
		{3B72A24F-8333-4966-9FF4-ED9DA4F31CEC}.Debug|Any CPU.ActiveCfg = Debug|Any CPU
		{3B72A24F-8333-4966-9FF4-ED9DA4F31CEC}.Debug|Any CPU.Build.0 = Debug|Any CPU
		{3B72A24F-8333-4966-9FF4-ED9DA4F31CEC}.Release|Any CPU.ActiveCfg = Release|Any CPU
		{3B72A24F-8333-4966-9FF4-ED9DA4F31CEC}.Release|Any CPU.Build.0 = Release|Any CPU
		{8EF3666B-32A0-4FF7-B2DB-E3B954153FF4}.Debug|Any CPU.ActiveCfg = Debug|Any CPU
		{8EF3666B-32A0-4FF7-B2DB-E3B954153FF4}.Debug|Any CPU.Build.0 = Debug|Any CPU
		{8EF3666B-32A0-4FF7-B2DB-E3B954153FF4}.Release|Any CPU.ActiveCfg = Release|Any CPU
		{8EF3666B-32A0-4FF7-B2DB-E3B954153FF4}.Release|Any CPU.Build.0 = Release|Any CPU
		{7DA2E8CC-23DF-44A4-A24C-1D71C12B2D3F}.Debug|Any CPU.ActiveCfg = Debug|Any CPU
		{7DA2E8CC-23DF-44A4-A24C-1D71C12B2D3F}.Debug|Any CPU.Build.0 = Debug|Any CPU
		{7DA2E8CC-23DF-44A4-A24C-1D71C12B2D3F}.Release|Any CPU.ActiveCfg = Release|Any CPU
		{7DA2E8CC-23DF-44A4-A24C-1D71C12B2D3F}.Release|Any CPU.Build.0 = Release|Any CPU
		{20187042-D71E-435F-8F3F-80AC1F543739}.Debug|Any CPU.ActiveCfg = Debug|Any CPU
		{20187042-D71E-435F-8F3F-80AC1F543739}.Debug|Any CPU.Build.0 = Debug|Any CPU
		{20187042-D71E-435F-8F3F-80AC1F543739}.Release|Any CPU.ActiveCfg = Release|Any CPU
		{20187042-D71E-435F-8F3F-80AC1F543739}.Release|Any CPU.Build.0 = Release|Any CPU
	EndGlobalSection
	GlobalSection(SolutionProperties) = preSolution
		HideSolutionNode = FALSE
	EndGlobalSection
	GlobalSection(ExtensibilityGlobals) = postSolution
		SolutionGuid = {B8BDA2BD-6675-4FD9-BF4C-107CC422B7D4}
	EndGlobalSection
EndGlobal
