
Microsoft Visual Studio Solution File, Format Version 12.00
# Visual Studio Version 16
VisualStudioVersion = 16.0.30804.86
MinimumVisualStudioVersion = 10.0.40219.1
Project("{FAE04EC0-301F-11D3-BF4B-00C04F79EFBC}") = "ConsoleApp", "ConsoleApp\ConsoleApp.csproj", "{92B1337D-3C2B-41D8-8CDD-62784DD2666E}"
EndProject
Project("{FAE04EC0-301F-11D3-BF4B-00C04F79EFBC}") = "KiteFlightsDAL", "KiteFlightsDAL\KiteFlightsDAL.csproj", "{3B72A24F-8333-4966-9FF4-ED9DA4F31CEC}"
EndProject
Global
	GlobalSection(SolutionConfigurationPlatforms) = preSolution
		Debug|Any CPU = Debug|Any CPU
		Release|Any CPU = Release|Any CPU
	EndGlobalSection
	GlobalSection(ProjectConfigurationPlatforms) = postSolution
		{92B1337D-3C2B-41D8-8CDD-62784DD2666E}.Debug|Any CPU.ActiveCfg = Debug|Any CPU
		{92B1337D-3C2B-41D8-8CDD-62784DD2666E}.Debug|Any CPU.Build.0 = Debug|Any CPU
		{92B1337D-3C2B-41D8-8CDD-62784DD2666E}.Release|Any CPU.ActiveCfg = Release|Any CPU
		{92B1337D-3C2B-41D8-8CDD-62784DD2666E}.Release|Any CPU.Build.0 = Release|Any CPU
		{3B72A24F-8333-4966-9FF4-ED9DA4F31CEC}.Debug|Any CPU.ActiveCfg = Debug|Any CPU
		{3B72A24F-8333-4966-9FF4-ED9DA4F31CEC}.Debug|Any CPU.Build.0 = Debug|Any CPU
		{3B72A24F-8333-4966-9FF4-ED9DA4F31CEC}.Release|Any CPU.ActiveCfg = Release|Any CPU
		{3B72A24F-8333-4966-9FF4-ED9DA4F31CEC}.Release|Any CPU.Build.0 = Release|Any CPU
	EndGlobalSection
	GlobalSection(SolutionProperties) = preSolution
		HideSolutionNode = FALSE
	EndGlobalSection
	GlobalSection(ExtensibilityGlobals) = postSolution
		SolutionGuid = {B8BDA2BD-6675-4FD9-BF4C-107CC422B7D4}
	EndGlobalSection
EndGlobal
